{
  "lockfile_version": "1",
  "packages": {
    "go@1.20.14": {
      "last_modified": "2024-03-08T13:51:52Z",
      "resolved": "github:NixOS/nixpkgs/a343533bccc62400e8a9560423486a3b6c11a23b#go_1_20",
      "source": "devbox-search",
      "version": "1.20.14",
      "systems": {
        "aarch64-darwin": {
          "outputs": [
            {
              "name": "out",
              "path": "/nix/store/xkwl1ycwwnq6b1ga5lxkqhjxlpd7f2sj-go-1.20.14",
              "default": true
            }
          ],
          "store_path": "/nix/store/xkwl1ycwwnq6b1ga5lxkqhjxlpd7f2sj-go-1.20.14"
        },
        "aarch64-linux": {
          "outputs": [
            {
              "name": "out",
              "path": "/nix/store/5i47jls8m0vjf141x3b3pz2i6q1si54w-go-1.20.14",
              "default": true
            }
          ],
          "store_path": "/nix/store/5i47jls8m0vjf141x3b3pz2i6q1si54w-go-1.20.14"
        },
        "x86_64-darwin": {
          "outputs": [
            {
              "name": "out",
              "path": "/nix/store/n2lj7bl7sg5viva3vxpkgi3mq8jbiyb5-go-1.20.14",
              "default": true
            }
          ],
          "store_path": "/nix/store/n2lj7bl7sg5viva3vxpkgi3mq8jbiyb5-go-1.20.14"
        },
        "x86_64-linux": {
          "outputs": [
            {
              "name": "out",
              "path": "/nix/store/850gdv8mcrh5bckigj16hzm6kmas5g92-go-1.20.14",
              "default": true
            }
          ],
          "store_path": "/nix/store/850gdv8mcrh5bckigj16hzm6kmas5g92-go-1.20.14"
        }
      }
    },
    "gopls@latest": {
      "last_modified": "2024-06-22T18:46:48Z",
      "resolved": "github:NixOS/nixpkgs/9693852a2070b398ee123a329e68f0dab5526681#gopls",
      "source": "devbox-search",
      "version": "0.16.0",
      "systems": {
        "aarch64-darwin": {
          "outputs": [
            {
              "name": "out",
              "path": "/nix/store/pxyj1rv5jbf8rj5i0gdpwlf3lf4617iq-gopls-0.16.0",
              "default": true
            }
          ],
          "store_path": "/nix/store/pxyj1rv5jbf8rj5i0gdpwlf3lf4617iq-gopls-0.16.0"
        },
        "aarch64-linux": {
          "outputs": [
            {
              "name": "out",
              "path": "/nix/store/haplrrzkq5p2i1yszpsvi85ybb29nci5-gopls-0.16.0",
              "default": true
            }
          ],
          "store_path": "/nix/store/haplrrzkq5p2i1yszpsvi85ybb29nci5-gopls-0.16.0"
        },
        "x86_64-darwin": {
          "outputs": [
            {
              "name": "out",
              "path": "/nix/store/sscfrmh5g8hma2nnwb4bq0h0698s4xzk-gopls-0.16.0",
              "default": true
            }
          ],
          "store_path": "/nix/store/sscfrmh5g8hma2nnwb4bq0h0698s4xzk-gopls-0.16.0"
        },
        "x86_64-linux": {
          "outputs": [
            {
              "name": "out",
              "path": "/nix/store/579nnqbhpw21lm2n764k4b0fvn7zy0xv-gopls-0.16.0",
              "default": true
            }
          ],
          "store_path": "/nix/store/579nnqbhpw21lm2n764k4b0fvn7zy0xv-gopls-0.16.0"
        }
      }
    }
  }
}
